
Microsoft Visual Studio Solution File, Format Version 12.00
# Visual Studio 15
VisualStudioVersion = 15.0.26228.9
MinimumVisualStudioVersion = 10.0.40219.1
Project("{2150E333-8FDC-42A3-9474-1A3956D46DE8}") = "src", "src", "{AFAA0841-BD93-466F-B8F4-FB4EEC86F1FC}"
EndProject
Project("{2150E333-8FDC-42A3-9474-1A3956D46DE8}") = "test", "test", "{F10AA149-2626-486E-85BB-9CD5365F3016}"
EndProject
Project("{9A19103F-16F7-4668-BE54-9A1E7A4F7556}") = "XTOPMS.Core", "src\XTOPMS.Core\XTOPMS.Core.csproj", "{0FA75A5B-AB83-4FD0-B545-279774C01E87}"
EndProject
Project("{9A19103F-16F7-4668-BE54-9A1E7A4F7556}") = "XTOPMS.Application", "src\XTOPMS.Application\XTOPMS.Application.csproj", "{3870C648-4AEA-4B85-BA3F-F2F63B96136A}"
EndProject
Project("{9A19103F-16F7-4668-BE54-9A1E7A4F7556}") = "XTOPMS.Tests", "test\XTOPMS.Tests\XTOPMS.Tests.csproj", "{0D4C5D00-C144-4213-A007-4B8944113AB1}"
EndProject
Project("{9A19103F-16F7-4668-BE54-9A1E7A4F7556}") = "XTOPMS.Migrator", "src\XTOPMS.Migrator\XTOPMS.Migrator.csproj", "{880B3591-E057-46FE-B525-10BD83828B93}"
EndProject
Project("{9A19103F-16F7-4668-BE54-9A1E7A4F7556}") = "XTOPMS.Web.Host", "src\XTOPMS.Web.Host\XTOPMS.Web.Host.csproj", "{38E184BD-E874-4633-A947-AED4FDB73F40}"
EndProject
Project("{9A19103F-16F7-4668-BE54-9A1E7A4F7556}") = "XTOPMS.Web.Core", "src\XTOPMS.Web.Core\XTOPMS.Web.Core.csproj", "{22CFE0D2-8DCA-42D7-AD7D-784C3862493F}"
EndProject
Project("{FAE04EC0-301F-11D3-BF4B-00C04F79EFBC}") = "XTOPMS.EntityFrameworkCore", "src\XTOPMS.EntityFrameworkCore\XTOPMS.EntityFrameworkCore.csproj", "{E0580562-F8F2-4EBB-B07A-ABFC6F2C314F}"
EndProject
Project("{2150E333-8FDC-42A3-9474-1A3956D46DE8}") = "abp", "abp", "{E5B2B59D-B286-4C54-85D9-FBC15D806091}"
EndProject
Project("{FAE04EC0-301F-11D3-BF4B-00C04F79EFBC}") = "Abp.AutoMapper", "src\Abp.AutoMapper\Abp.AutoMapper.csproj", "{6B5F2FA3-6736-4B10-8454-5049585F1117}"
EndProject
Project("{FAE04EC0-301F-11D3-BF4B-00C04F79EFBC}") = "Abp.ZeroCore.EntityFrameworkCore", "src\Abp.ZeroCore.EntityFrameworkCore\Abp.ZeroCore.EntityFrameworkCore.csproj", "{24FFD54A-BDCA-41EC-B348-3A67D6C3B4E0}"
EndProject
Project("{FAE04EC0-301F-11D3-BF4B-00C04F79EFBC}") = "Abp.Castle.Log4Net", "src\Abp.Castle.Log4Net\Abp.Castle.Log4Net.csproj", "{F07AE75F-2428-493C-8AF8-07C7C09D20EC}"
EndProject
Project("{FAE04EC0-301F-11D3-BF4B-00C04F79EFBC}") = "Abp.AspNetCore", "src\Abp.AspNetCore\Abp.AspNetCore.csproj", "{2286D2A7-AAE2-4F5B-96FA-FF3FF2012BC1}"
EndProject
Project("{FAE04EC0-301F-11D3-BF4B-00C04F79EFBC}") = "Abp.AspNetCore.SignalR", "src\Abp.AspNetCore.SignalR\Abp.AspNetCore.SignalR.csproj", "{2CC7B2CB-5C87-466B-A4D8-24D80A062F63}"
EndProject
Project("{FAE04EC0-301F-11D3-BF4B-00C04F79EFBC}") = "Abp.Zero.AspNetCore", "src\Abp.Zero.AspNetCore\Abp.Zero.AspNetCore.csproj", "{D0BE635B-A7E7-4878-8F2B-B8B57DF43745}"
EndProject
Project("{FAE04EC0-301F-11D3-BF4B-00C04F79EFBC}") = "Abp.ZeroCore", "src\Abp.ZeroCore\Abp.ZeroCore.csproj", "{CD8B0A80-4922-41F0-B2A9-7B919D91DBF6}"
EndProject
Project("{FAE04EC0-301F-11D3-BF4B-00C04F79EFBC}") = "Abp.EntityFramework.Common", "src\Abp.EntityFramework.Common\Abp.EntityFramework.Common.csproj", "{4D287955-D63A-45BB-A39B-66606FFF5702}"
EndProject
Project("{FAE04EC0-301F-11D3-BF4B-00C04F79EFBC}") = "Abp", "src\Abp\Abp.csproj", "{0BA62BAF-726A-4836-99D4-437A36C58F52}"
EndProject
Project("{FAE04EC0-301F-11D3-BF4B-00C04F79EFBC}") = "Abp.Zero.Common", "src\Abp.Zero.Common\Abp.Zero.Common.csproj", "{1DA0137F-4BFE-47F3-8060-CCE4B50FA635}"
EndProject
Project("{FAE04EC0-301F-11D3-BF4B-00C04F79EFBC}") = "Abp.EntityFrameworkCore", "src\Abp.EntityFrameworkCore\Abp.EntityFrameworkCore.csproj", "{F98AB69E-0EF1-48B1-8CA3-0402E162F6A3}"
EndProject
Project("{FAE04EC0-301F-11D3-BF4B-00C04F79EFBC}") = "Abp.Web.Common", "src\Abp.Web.Common\Abp.Web.Common.csproj", "{B82FE493-B228-4AE0-B521-C9E455F43728}"
EndProject
Project("{FAE04EC0-301F-11D3-BF4B-00C04F79EFBC}") = "Abp.TestBase", "src\Abp.TestBase\Abp.TestBase.csproj", "{C1192FFB-B223-42BD-8039-CF6463EB01B5}"
EndProject
Project("{FAE04EC0-301F-11D3-BF4B-00C04F79EFBC}") = "Abp.RedisCache", "src\Abp.RedisCache\Abp.RedisCache.csproj", "{5285366F-0F0A-4D99-8C4E-AE5743677E6A}"
EndProject
Project("{FAE04EC0-301F-11D3-BF4B-00C04F79EFBC}") = "Abp.RedisCache.ProtoBuf", "src\Abp.RedisCache.ProtoBuf\Abp.RedisCache.ProtoBuf.csproj", "{50472007-ABDC-4158-B724-F2A98C7C5584}"
EndProject
Global
	GlobalSection(SolutionConfigurationPlatforms) = preSolution
		Debug|Any CPU = Debug|Any CPU
		Release|Any CPU = Release|Any CPU
	EndGlobalSection
	GlobalSection(ProjectConfigurationPlatforms) = postSolution
		{0FA75A5B-AB83-4FD0-B545-279774C01E87}.Debug|Any CPU.ActiveCfg = Debug|Any CPU
		{0FA75A5B-AB83-4FD0-B545-279774C01E87}.Debug|Any CPU.Build.0 = Debug|Any CPU
		{0FA75A5B-AB83-4FD0-B545-279774C01E87}.Release|Any CPU.ActiveCfg = Release|Any CPU
		{0FA75A5B-AB83-4FD0-B545-279774C01E87}.Release|Any CPU.Build.0 = Release|Any CPU
		{3870C648-4AEA-4B85-BA3F-F2F63B96136A}.Debug|Any CPU.ActiveCfg = Debug|Any CPU
		{3870C648-4AEA-4B85-BA3F-F2F63B96136A}.Debug|Any CPU.Build.0 = Debug|Any CPU
		{3870C648-4AEA-4B85-BA3F-F2F63B96136A}.Release|Any CPU.ActiveCfg = Release|Any CPU
		{3870C648-4AEA-4B85-BA3F-F2F63B96136A}.Release|Any CPU.Build.0 = Release|Any CPU
		{0D4C5D00-C144-4213-A007-4B8944113AB1}.Debug|Any CPU.ActiveCfg = Debug|Any CPU
		{0D4C5D00-C144-4213-A007-4B8944113AB1}.Debug|Any CPU.Build.0 = Debug|Any CPU
		{0D4C5D00-C144-4213-A007-4B8944113AB1}.Release|Any CPU.ActiveCfg = Release|Any CPU
		{0D4C5D00-C144-4213-A007-4B8944113AB1}.Release|Any CPU.Build.0 = Release|Any CPU
		{880B3591-E057-46FE-B525-10BD83828B93}.Debug|Any CPU.ActiveCfg = Debug|Any CPU
		{880B3591-E057-46FE-B525-10BD83828B93}.Debug|Any CPU.Build.0 = Debug|Any CPU
		{880B3591-E057-46FE-B525-10BD83828B93}.Release|Any CPU.ActiveCfg = Release|Any CPU
		{880B3591-E057-46FE-B525-10BD83828B93}.Release|Any CPU.Build.0 = Release|Any CPU
		{38E184BD-E874-4633-A947-AED4FDB73F40}.Debug|Any CPU.ActiveCfg = Debug|Any CPU
		{38E184BD-E874-4633-A947-AED4FDB73F40}.Debug|Any CPU.Build.0 = Debug|Any CPU
		{38E184BD-E874-4633-A947-AED4FDB73F40}.Release|Any CPU.ActiveCfg = Release|Any CPU
		{38E184BD-E874-4633-A947-AED4FDB73F40}.Release|Any CPU.Build.0 = Release|Any CPU
		{22CFE0D2-8DCA-42D7-AD7D-784C3862493F}.Debug|Any CPU.ActiveCfg = Debug|Any CPU
		{22CFE0D2-8DCA-42D7-AD7D-784C3862493F}.Debug|Any CPU.Build.0 = Debug|Any CPU
		{22CFE0D2-8DCA-42D7-AD7D-784C3862493F}.Release|Any CPU.ActiveCfg = Release|Any CPU
		{22CFE0D2-8DCA-42D7-AD7D-784C3862493F}.Release|Any CPU.Build.0 = Release|Any CPU
		{E0580562-F8F2-4EBB-B07A-ABFC6F2C314F}.Debug|Any CPU.ActiveCfg = Debug|Any CPU
		{E0580562-F8F2-4EBB-B07A-ABFC6F2C314F}.Debug|Any CPU.Build.0 = Debug|Any CPU
		{E0580562-F8F2-4EBB-B07A-ABFC6F2C314F}.Release|Any CPU.ActiveCfg = Release|Any CPU
		{E0580562-F8F2-4EBB-B07A-ABFC6F2C314F}.Release|Any CPU.Build.0 = Release|Any CPU
		{6B5F2FA3-6736-4B10-8454-5049585F1117}.Debug|Any CPU.ActiveCfg = Debug|Any CPU
		{6B5F2FA3-6736-4B10-8454-5049585F1117}.Debug|Any CPU.Build.0 = Debug|Any CPU
		{6B5F2FA3-6736-4B10-8454-5049585F1117}.Release|Any CPU.ActiveCfg = Release|Any CPU
		{6B5F2FA3-6736-4B10-8454-5049585F1117}.Release|Any CPU.Build.0 = Release|Any CPU
		{24FFD54A-BDCA-41EC-B348-3A67D6C3B4E0}.Debug|Any CPU.ActiveCfg = Debug|Any CPU
		{24FFD54A-BDCA-41EC-B348-3A67D6C3B4E0}.Debug|Any CPU.Build.0 = Debug|Any CPU
		{24FFD54A-BDCA-41EC-B348-3A67D6C3B4E0}.Release|Any CPU.ActiveCfg = Release|Any CPU
		{24FFD54A-BDCA-41EC-B348-3A67D6C3B4E0}.Release|Any CPU.Build.0 = Release|Any CPU
		{F07AE75F-2428-493C-8AF8-07C7C09D20EC}.Debug|Any CPU.ActiveCfg = Debug|Any CPU
		{F07AE75F-2428-493C-8AF8-07C7C09D20EC}.Debug|Any CPU.Build.0 = Debug|Any CPU
		{F07AE75F-2428-493C-8AF8-07C7C09D20EC}.Release|Any CPU.ActiveCfg = Release|Any CPU
		{F07AE75F-2428-493C-8AF8-07C7C09D20EC}.Release|Any CPU.Build.0 = Release|Any CPU
		{2286D2A7-AAE2-4F5B-96FA-FF3FF2012BC1}.Debug|Any CPU.ActiveCfg = Debug|Any CPU
		{2286D2A7-AAE2-4F5B-96FA-FF3FF2012BC1}.Debug|Any CPU.Build.0 = Debug|Any CPU
		{2286D2A7-AAE2-4F5B-96FA-FF3FF2012BC1}.Release|Any CPU.ActiveCfg = Release|Any CPU
		{2286D2A7-AAE2-4F5B-96FA-FF3FF2012BC1}.Release|Any CPU.Build.0 = Release|Any CPU
		{2CC7B2CB-5C87-466B-A4D8-24D80A062F63}.Debug|Any CPU.ActiveCfg = Debug|Any CPU
		{2CC7B2CB-5C87-466B-A4D8-24D80A062F63}.Debug|Any CPU.Build.0 = Debug|Any CPU
		{2CC7B2CB-5C87-466B-A4D8-24D80A062F63}.Release|Any CPU.ActiveCfg = Release|Any CPU
		{2CC7B2CB-5C87-466B-A4D8-24D80A062F63}.Release|Any CPU.Build.0 = Release|Any CPU
		{D0BE635B-A7E7-4878-8F2B-B8B57DF43745}.Debug|Any CPU.ActiveCfg = Debug|Any CPU
		{D0BE635B-A7E7-4878-8F2B-B8B57DF43745}.Debug|Any CPU.Build.0 = Debug|Any CPU
		{D0BE635B-A7E7-4878-8F2B-B8B57DF43745}.Release|Any CPU.ActiveCfg = Release|Any CPU
		{D0BE635B-A7E7-4878-8F2B-B8B57DF43745}.Release|Any CPU.Build.0 = Release|Any CPU
		{CD8B0A80-4922-41F0-B2A9-7B919D91DBF6}.Debug|Any CPU.ActiveCfg = Debug|Any CPU
		{CD8B0A80-4922-41F0-B2A9-7B919D91DBF6}.Debug|Any CPU.Build.0 = Debug|Any CPU
		{CD8B0A80-4922-41F0-B2A9-7B919D91DBF6}.Release|Any CPU.ActiveCfg = Release|Any CPU
		{CD8B0A80-4922-41F0-B2A9-7B919D91DBF6}.Release|Any CPU.Build.0 = Release|Any CPU
		{4D287955-D63A-45BB-A39B-66606FFF5702}.Debug|Any CPU.ActiveCfg = Debug|Any CPU
		{4D287955-D63A-45BB-A39B-66606FFF5702}.Debug|Any CPU.Build.0 = Debug|Any CPU
		{4D287955-D63A-45BB-A39B-66606FFF5702}.Release|Any CPU.ActiveCfg = Release|Any CPU
		{4D287955-D63A-45BB-A39B-66606FFF5702}.Release|Any CPU.Build.0 = Release|Any CPU
		{0BA62BAF-726A-4836-99D4-437A36C58F52}.Debug|Any CPU.ActiveCfg = Debug|Any CPU
		{0BA62BAF-726A-4836-99D4-437A36C58F52}.Debug|Any CPU.Build.0 = Debug|Any CPU
		{0BA62BAF-726A-4836-99D4-437A36C58F52}.Release|Any CPU.ActiveCfg = Release|Any CPU
		{0BA62BAF-726A-4836-99D4-437A36C58F52}.Release|Any CPU.Build.0 = Release|Any CPU
		{1DA0137F-4BFE-47F3-8060-CCE4B50FA635}.Debug|Any CPU.ActiveCfg = Debug|Any CPU
		{1DA0137F-4BFE-47F3-8060-CCE4B50FA635}.Debug|Any CPU.Build.0 = Debug|Any CPU
		{1DA0137F-4BFE-47F3-8060-CCE4B50FA635}.Release|Any CPU.ActiveCfg = Release|Any CPU
		{1DA0137F-4BFE-47F3-8060-CCE4B50FA635}.Release|Any CPU.Build.0 = Release|Any CPU
		{F98AB69E-0EF1-48B1-8CA3-0402E162F6A3}.Debug|Any CPU.ActiveCfg = Debug|Any CPU
		{F98AB69E-0EF1-48B1-8CA3-0402E162F6A3}.Debug|Any CPU.Build.0 = Debug|Any CPU
		{F98AB69E-0EF1-48B1-8CA3-0402E162F6A3}.Release|Any CPU.ActiveCfg = Release|Any CPU
		{F98AB69E-0EF1-48B1-8CA3-0402E162F6A3}.Release|Any CPU.Build.0 = Release|Any CPU
		{B82FE493-B228-4AE0-B521-C9E455F43728}.Debug|Any CPU.ActiveCfg = Debug|Any CPU
		{B82FE493-B228-4AE0-B521-C9E455F43728}.Debug|Any CPU.Build.0 = Debug|Any CPU
		{B82FE493-B228-4AE0-B521-C9E455F43728}.Release|Any CPU.ActiveCfg = Release|Any CPU
		{B82FE493-B228-4AE0-B521-C9E455F43728}.Release|Any CPU.Build.0 = Release|Any CPU
		{C1192FFB-B223-42BD-8039-CF6463EB01B5}.Debug|Any CPU.ActiveCfg = Debug|Any CPU
		{C1192FFB-B223-42BD-8039-CF6463EB01B5}.Debug|Any CPU.Build.0 = Debug|Any CPU
		{C1192FFB-B223-42BD-8039-CF6463EB01B5}.Release|Any CPU.ActiveCfg = Release|Any CPU
		{C1192FFB-B223-42BD-8039-CF6463EB01B5}.Release|Any CPU.Build.0 = Release|Any CPU
		{5285366F-0F0A-4D99-8C4E-AE5743677E6A}.Debug|Any CPU.ActiveCfg = Debug|Any CPU
		{5285366F-0F0A-4D99-8C4E-AE5743677E6A}.Debug|Any CPU.Build.0 = Debug|Any CPU
		{5285366F-0F0A-4D99-8C4E-AE5743677E6A}.Release|Any CPU.ActiveCfg = Release|Any CPU
		{5285366F-0F0A-4D99-8C4E-AE5743677E6A}.Release|Any CPU.Build.0 = Release|Any CPU
		{50472007-ABDC-4158-B724-F2A98C7C5584}.Debug|Any CPU.ActiveCfg = Debug|Any CPU
		{50472007-ABDC-4158-B724-F2A98C7C5584}.Debug|Any CPU.Build.0 = Debug|Any CPU
		{50472007-ABDC-4158-B724-F2A98C7C5584}.Release|Any CPU.ActiveCfg = Release|Any CPU
		{50472007-ABDC-4158-B724-F2A98C7C5584}.Release|Any CPU.Build.0 = Release|Any CPU
	EndGlobalSection
	GlobalSection(SolutionProperties) = preSolution
		HideSolutionNode = FALSE
	EndGlobalSection
	GlobalSection(NestedProjects) = preSolution
		{0FA75A5B-AB83-4FD0-B545-279774C01E87} = {AFAA0841-BD93-466F-B8F4-FB4EEC86F1FC}
		{3870C648-4AEA-4B85-BA3F-F2F63B96136A} = {AFAA0841-BD93-466F-B8F4-FB4EEC86F1FC}
		{0D4C5D00-C144-4213-A007-4B8944113AB1} = {F10AA149-2626-486E-85BB-9CD5365F3016}
		{880B3591-E057-46FE-B525-10BD83828B93} = {AFAA0841-BD93-466F-B8F4-FB4EEC86F1FC}
		{38E184BD-E874-4633-A947-AED4FDB73F40} = {AFAA0841-BD93-466F-B8F4-FB4EEC86F1FC}
		{22CFE0D2-8DCA-42D7-AD7D-784C3862493F} = {AFAA0841-BD93-466F-B8F4-FB4EEC86F1FC}
		{E0580562-F8F2-4EBB-B07A-ABFC6F2C314F} = {AFAA0841-BD93-466F-B8F4-FB4EEC86F1FC}
		{6B5F2FA3-6736-4B10-8454-5049585F1117} = {E5B2B59D-B286-4C54-85D9-FBC15D806091}
		{24FFD54A-BDCA-41EC-B348-3A67D6C3B4E0} = {E5B2B59D-B286-4C54-85D9-FBC15D806091}
		{F07AE75F-2428-493C-8AF8-07C7C09D20EC} = {E5B2B59D-B286-4C54-85D9-FBC15D806091}
		{2286D2A7-AAE2-4F5B-96FA-FF3FF2012BC1} = {E5B2B59D-B286-4C54-85D9-FBC15D806091}
		{2CC7B2CB-5C87-466B-A4D8-24D80A062F63} = {E5B2B59D-B286-4C54-85D9-FBC15D806091}
		{D0BE635B-A7E7-4878-8F2B-B8B57DF43745} = {E5B2B59D-B286-4C54-85D9-FBC15D806091}
		{CD8B0A80-4922-41F0-B2A9-7B919D91DBF6} = {E5B2B59D-B286-4C54-85D9-FBC15D806091}
		{4D287955-D63A-45BB-A39B-66606FFF5702} = {E5B2B59D-B286-4C54-85D9-FBC15D806091}
		{0BA62BAF-726A-4836-99D4-437A36C58F52} = {E5B2B59D-B286-4C54-85D9-FBC15D806091}
		{1DA0137F-4BFE-47F3-8060-CCE4B50FA635} = {E5B2B59D-B286-4C54-85D9-FBC15D806091}
		{F98AB69E-0EF1-48B1-8CA3-0402E162F6A3} = {E5B2B59D-B286-4C54-85D9-FBC15D806091}
		{B82FE493-B228-4AE0-B521-C9E455F43728} = {E5B2B59D-B286-4C54-85D9-FBC15D806091}
		{C1192FFB-B223-42BD-8039-CF6463EB01B5} = {E5B2B59D-B286-4C54-85D9-FBC15D806091}
		{5285366F-0F0A-4D99-8C4E-AE5743677E6A} = {E5B2B59D-B286-4C54-85D9-FBC15D806091}
		{50472007-ABDC-4158-B724-F2A98C7C5584} = {E5B2B59D-B286-4C54-85D9-FBC15D806091}
	EndGlobalSection
EndGlobal
